{
    "_readme": [
        "This file locks the dependencies of your project to a known state",
        "Read more about it at https://getcomposer.org/doc/01-basic-usage.md#installing-dependencies",
        "This file is @generated automatically"
    ],
main
                }
            },
            "autoload": {
                "psr-4": {
                    "Knuckles\\Camel\\": "camel/",
                    "Knuckles\\Scribe\\": "src/"
                }
            },
            "notification-url": "https://packagist.org/downloads/",
            "license": [
                "MIT"
            ],
            "authors": [
                {
                    "name": "Shalvah"
                }
            ],
            "description": "Generate API documentation for humans from your Laravel codebase.✍",
            "homepage": "http://github.com/knuckleswtf/scribe",
            "keywords": [
                "api",
                "dingo",
                "documentation",
                "laravel"
            ],
            "support": {
                "issues": "https://github.com/knuckleswtf/scribe/issues",
                "source": "https://github.com/knuckleswtf/scribe/tree/4.40.0"
            },
            "funding": [
                {
                    "url": "https://patreon.com/shalvah",
                    "type": "patreon"
                }
            ],
            "time": "2025-02-03T20:29:15+00:00"
        },
        {
            "name": "laravel/breeze",
            "version": "v1.10.0",
            "source": {
                "type": "git",
                "url": "https://github.com/laravel/breeze.git",
                "reference": "e98e855ab4bde5bf0083c4a4d73c0f5b474241ae"
            },
            "dist": {
                "type": "zip",
                "url": "https://api.github.com/repos/laravel/breeze/zipball/e98e855ab4bde5bf0083c4a4d73c0f5b474241ae",
                "reference": "e98e855ab4bde5bf0083c4a4d73c0f5b474241ae",
                "shasum": ""
            },
            "require": {
                "illuminate/filesystem": "^8.42|^9.0",
                "illuminate/support": "^8.42|^9.0",
                "illuminate/validation": "^8.42|^9.0",
                "php": "^7.3|^8.0"
            },
            "type": "library",
            "extra": {
                "laravel": {
                    "providers": [
                        "Laravel\\Breeze\\BreezeServiceProvider"
                    ]
                },
                "branch-alias": {
                    "dev-master": "1.x-dev"
                }
            },
            "autoload": {
                "psr-4": {
                    "Laravel\\Breeze\\": "src/"
                }
            },
            "notification-url": "https://packagist.org/downloads/",
            "license": [
                "MIT"
            ],
            "authors": [
                {
                    "name": "Taylor Otwell",
                    "email": "taylor@laravel.com"
                }
            ],
            "description": "Minimal Laravel authentication scaffolding with Blade and Tailwind.",
            "keywords": [
                "auth",
                "laravel"
            ],
            "support": {
                "issues": "https://github.com/laravel/breeze/issues",
                "source": "https://github.com/laravel/breeze"
            },
            "time": "2022-06-28T11:52:06+00:00"
        },
        {
            "name": "laravel/sail",
            "version": "v1.25.0",
            "source": {
                "type": "git",
                "url": "https://github.com/laravel/sail.git",
                "reference": "e81a7bd7ac1a745ccb25572830fecf74a89bb48a"
            },
            "dist": {
                "type": "zip",
                "url": "https://api.github.com/repos/laravel/sail/zipball/e81a7bd7ac1a745ccb25572830fecf74a89bb48a",
                "reference": "e81a7bd7ac1a745ccb25572830fecf74a89bb48a",
                "shasum": ""
            },
            "require": {
                "illuminate/console": "^8.0|^9.0|^10.0",
                "illuminate/contracts": "^8.0|^9.0|^10.0",
                "illuminate/support": "^8.0|^9.0|^10.0",
                "php": "^8.0",
                "symfony/yaml": "^6.0"
            },
            "require-dev": {
                "orchestra/testbench": "^6.0|^7.0|^8.0",
                "phpstan/phpstan": "^1.10"
            },
            "bin": [
                "bin/sail"
            ],
            "type": "library",
            "extra": {
                "laravel": {
                    "providers": [
                        "Laravel\\Sail\\SailServiceProvider"
                    ]
                },
                "branch-alias": {
                    "dev-master": "1.x-dev"
                }
            },
            "autoload": {
                "psr-4": {
                    "Laravel\\Sail\\": "src/"
                }
            },
            "notification-url": "https://packagist.org/downloads/",
            "license": [
                "MIT"
            ],
            "authors": [
                {
                    "name": "Taylor Otwell",
                    "email": "taylor@laravel.com"
                }
            ],
            "description": "Docker files for running a basic Laravel application.",
            "keywords": [
                "docker",
                "laravel"
            ],
            "support": {
                "issues": "https://github.com/laravel/sail/issues",
                "source": "https://github.com/laravel/sail"
            },
            "time": "2023-09-11T17:37:09+00:00"
        },
        {
            "name": "mockery/mockery",
            "version": "1.6.12",
            "source": {
                "type": "git",
                "url": "https://github.com/mockery/mockery.git",
                "reference": "1f4efdd7d3beafe9807b08156dfcb176d18f1699"
            },
            "dist": {
                "type": "zip",
                "url": "https://api.github.com/repos/mockery/mockery/zipball/1f4efdd7d3beafe9807b08156dfcb176d18f1699",
                "reference": "1f4efdd7d3beafe9807b08156dfcb176d18f1699",
                "shasum": ""
            },
            "require": {
                "hamcrest/hamcrest-php": "^2.0.1",
                "lib-pcre": ">=7.0",
                "php": ">=7.3"
            },
            "conflict": {
                "phpunit/phpunit": "<8.0"
            },
            "require-dev": {
                "phpunit/phpunit": "^8.5 || ^9.6.17",
                "symplify/easy-coding-standard": "^12.1.14"
            },
            "type": "library",
            "autoload": {
                "files": [
                    "library/helpers.php",
                    "library/Mockery.php"
                ],
                "psr-4": {
                    "Mockery\\": "library/Mockery"
                }
            },
            "notification-url": "https://packagist.org/downloads/",
            "license": [
                "BSD-3-Clause"
            ],
            "authors": [
                {
                    "name": "Pádraic Brady",
                    "email": "padraic.brady@gmail.com",
                    "homepage": "https://github.com/padraic",
                    "role": "Author"
                },
                {
                    "name": "Dave Marshall",
                    "email": "dave.marshall@atstsolutions.co.uk",
                    "homepage": "https://davedevelopment.co.uk",
                    "role": "Developer"
                },
                {
                    "name": "Nathanael Esayeas",
                    "email": "nathanael.esayeas@protonmail.com",
                    "homepage": "https://github.com/ghostwriter",
                    "role": "Lead Developer"
                }
            ],
            "description": "Mockery is a simple yet flexible PHP mock object framework",
            "homepage": "https://github.com/mockery/mockery",
            "keywords": [
                "BDD",
                "TDD",
                "library",
                "mock",
                "mock objects",
                "mockery",
                "stub",
                "test",
                "test double",
                "testing"
            ],
            "support": {
                "docs": "https://docs.mockery.io/",
                "issues": "https://github.com/mockery/mockery/issues",
                "rss": "https://github.com/mockery/mockery/releases.atom",
                "security": "https://github.com/mockery/mockery/security/advisories",
                "source": "https://github.com/mockery/mockery"
            },
            "time": "2024-05-16T03:13:13+00:00"
        },
        {
            "name": "mpociot/reflection-docblock",
            "version": "1.0.1",
            "source": {
                "type": "git",
                "url": "https://github.com/mpociot/reflection-docblock.git",
                "reference": "c8b2e2b1f5cebbb06e2b5ccbf2958f2198867587"
            },
            "dist": {
                "type": "zip",
                "url": "https://api.github.com/repos/mpociot/reflection-docblock/zipball/c8b2e2b1f5cebbb06e2b5ccbf2958f2198867587",
                "reference": "c8b2e2b1f5cebbb06e2b5ccbf2958f2198867587",
                "shasum": ""
            },
            "require": {
                "php": ">=5.3.3"
            },
            "require-dev": {
                "phpunit/phpunit": "~4.0"
            },
            "suggest": {
                "dflydev/markdown": "~1.0",
                "erusev/parsedown": "~1.0"
            },
            "type": "library",
            "extra": {
                "branch-alias": {
                    "dev-master": "2.0.x-dev"
                }
            },
            "autoload": {
                "psr-0": {
                    "Mpociot": [
                        "src/"
                    ]
                }
            },
            "notification-url": "https://packagist.org/downloads/",
            "license": [
                "MIT"
            ],
            "authors": [
                {
                    "name": "Mike van Riel",
                    "email": "mike.vanriel@naenius.com"
                }
            ],
            "support": {
                "issues": "https://github.com/mpociot/reflection-docblock/issues",
                "source": "https://github.com/mpociot/reflection-docblock/tree/master"
            },
            "time": "2016-06-20T20:53:12+00:00"
        },
        {
            "name": "myclabs/deep-copy",
            "version": "1.13.3",
            "source": {
                "type": "git",
                "url": "https://github.com/myclabs/DeepCopy.git",
                "reference": "faed855a7b5f4d4637717c2b3863e277116beb36"
            },
            "dist": {
                "type": "zip",
                "url": "https://api.github.com/repos/myclabs/DeepCopy/zipball/faed855a7b5f4d4637717c2b3863e277116beb36",
                "reference": "faed855a7b5f4d4637717c2b3863e277116beb36",
                "shasum": ""
            },
            "require": {
                "php": "^7.1 || ^8.0"
            },
            "conflict": {
                "doctrine/collections": "<1.6.8",
                "doctrine/common": "<2.13.3 || >=3 <3.2.2"
            },
            "require-dev": {
                "doctrine/collections": "^1.6.8",
                "doctrine/common": "^2.13.3 || ^3.2.2",
                "phpspec/prophecy": "^1.10",
                "phpunit/phpunit": "^7.5.20 || ^8.5.23 || ^9.5.13"
            },
            "type": "library",
            "autoload": {
                "files": [
                    "src/DeepCopy/deep_copy.php"
                ],
                "psr-4": {
                    "DeepCopy\\": "src/DeepCopy/"
                }
            },
            "notification-url": "https://packagist.org/downloads/",
            "license": [
                "MIT"
            ],
            "description": "Create deep copies (clones) of your objects",
            "keywords": [
                "clone",
                "copy",
                "duplicate",
                "object",
                "object graph"
            ],
            "support": {
                "issues": "https://github.com/myclabs/DeepCopy/issues",
                "source": "https://github.com/myclabs/DeepCopy/tree/1.13.3"
            },
            "funding": [
                {
                    "url": "https://tidelift.com/funding/github/packagist/myclabs/deep-copy",
                    "type": "tidelift"
                }
            ],
            "time": "2025-07-05T12:25:42+00:00"
        },
        {
            "name": "nunomaduro/collision",
            "version": "v5.11.0",
            "source": {
                "type": "git",
                "url": "https://github.com/nunomaduro/collision.git",
                "reference": "8b610eef8582ccdc05d8f2ab23305e2d37049461"
            },
            "dist": {
                "type": "zip",
                "url": "https://api.github.com/repos/nunomaduro/collision/zipball/8b610eef8582ccdc05d8f2ab23305e2d37049461",
                "reference": "8b610eef8582ccdc05d8f2ab23305e2d37049461",
                "shasum": ""
            },
            "require": {
                "facade/ignition-contracts": "^1.0",
                "filp/whoops": "^2.14.3",
                "php": "^7.3 || ^8.0",
                "symfony/console": "^5.0"
            },
            "require-dev": {
                "brianium/paratest": "^6.1",
                "fideloper/proxy": "^4.4.1",
                "fruitcake/laravel-cors": "^2.0.3",
                "laravel/framework": "8.x-dev",
                "nunomaduro/larastan": "^0.6.2",
                "nunomaduro/mock-final-classes": "^1.0",
                "orchestra/testbench": "^6.0",
                "phpstan/phpstan": "^0.12.64",
                "phpunit/phpunit": "^9.5.0"
            },
            "type": "library",
            "extra": {
                "laravel": {
                    "providers": [
                        "NunoMaduro\\Collision\\Adapters\\Laravel\\CollisionServiceProvider"
                    ]
                }
            },
            "autoload": {
                "psr-4": {
                    "NunoMaduro\\Collision\\": "src/"
                }
            },
            "notification-url": "https://packagist.org/downloads/",
            "license": [
                "MIT"
            ],
            "authors": [
                {
                    "name": "Nuno Maduro",
                    "email": "enunomaduro@gmail.com"
                }
            ],
            "description": "Cli error handling for console/command-line PHP applications.",
            "keywords": [
                "artisan",
                "cli",
                "command-line",
                "console",
                "error",
                "handling",
                "laravel",
                "laravel-zero",
                "php",
                "symfony"
            ],
            "support": {
                "issues": "https://github.com/nunomaduro/collision/issues",
                "source": "https://github.com/nunomaduro/collision"
            },
            "funding": [
                {
                    "url": "https://www.paypal.com/paypalme/enunomaduro",
                    "type": "custom"
                },
                {
                    "url": "https://github.com/nunomaduro",
                    "type": "github"
                },
                {
                    "url": "https://www.patreon.com/nunomaduro",
                    "type": "patreon"
                }
            ],
            "time": "2022-01-10T16:22:52+00:00"
        },
        {
            "name": "nunomaduro/larastan",
            "version": "1.0.4",
            "source": {
                "type": "git",
                "url": "https://github.com/larastan/larastan.git",
                "reference": "769bc6346a6cce3b823c30eaace33d9c3a0dd40e"
            },
            "dist": {
                "type": "zip",
                "url": "https://api.github.com/repos/larastan/larastan/zipball/769bc6346a6cce3b823c30eaace33d9c3a0dd40e",
                "reference": "769bc6346a6cce3b823c30eaace33d9c3a0dd40e",
                "shasum": ""
            },
            "require": {
                "composer/composer": "^1.0 || ^2.0",
                "ext-json": "*",
                "illuminate/console": "^6.0 || ^7.0 || ^8.0 || ^9.0",
                "illuminate/container": "^6.0 || ^7.0 || ^8.0 || ^9.0",
                "illuminate/contracts": "^6.0 || ^7.0 || ^8.0 || ^9.0",
                "illuminate/database": "^6.0 || ^7.0 || ^8.0 || ^9.0",
                "illuminate/http": "^6.0 || ^7.0 || ^8.0 || ^9.0",
                "illuminate/pipeline": "^6.0 || ^7.0 || ^8.0 || ^9.0",
                "illuminate/support": "^6.0 || ^7.0 || ^8.0 || ^9.0",
                "mockery/mockery": "^0.9 || ^1.0",
                "php": "^7.2 || ^8.0",
                "phpstan/phpstan": "^1.0 <1.9",
                "symfony/process": "^4.3 || ^5.0 || ^6.0"
            },
            "require-dev": {
                "nikic/php-parser": "^4.13.0",
                "orchestra/testbench": "^4.0 || ^5.0 || ^6.0 || ^7.0",
                "phpunit/phpunit": "^7.3 || ^8.2 || ^9.3"
            },
            "suggest": {
                "orchestra/testbench": "Using Larastan for analysing a package needs Testbench"
            },
            "type": "phpstan-extension",
            "extra": {
                "phpstan": {
                    "includes": [
                        "extension.neon"
                    ]
                },
                "branch-alias": {
                    "dev-master": "1.0-dev"
                }
            },
            "autoload": {
                "psr-4": {
                    "NunoMaduro\\Larastan\\": "src/"
                }
            },
            "notification-url": "https://packagist.org/downloads/",
            "license": [
                "MIT"
            ],
            "authors": [
                {
                    "name": "Nuno Maduro",
                    "email": "enunomaduro@gmail.com"
                }
            ],
            "description": "Larastan - Discover bugs in your code without running it. A phpstan/phpstan wrapper for Laravel",
            "keywords": [
                "PHPStan",
                "code analyse",
                "code analysis",
                "larastan",
                "laravel",
                "package",
                "php",
                "static analysis"
            ],
            "support": {
                "issues": "https://github.com/larastan/larastan/issues",
                "source": "https://github.com/larastan/larastan/tree/1.0.4"
            },
            "funding": [
                {
                    "url": "https://www.paypal.com/paypalme/enunomaduro",
                    "type": "custom"
                },
                {
                    "url": "https://github.com/canvural",
                    "type": "github"
                },
                {
                    "url": "https://github.com/nunomaduro",
                    "type": "github"
                },
                {
                    "url": "https://www.patreon.com/nunomaduro",
                    "type": "patreon"
                }
            ],
            "abandoned": "larastan/larastan",
            "time": "2022-11-09T09:09:31+00:00"
        },
        {
            "name": "phar-io/manifest",
            "version": "2.0.4",
            "source": {
                "type": "git",
                "url": "https://github.com/phar-io/manifest.git",
                "reference": "54750ef60c58e43759730615a392c31c80e23176"
            },
            "dist": {
                "type": "zip",
                "url": "https://api.github.com/repos/phar-io/manifest/zipball/54750ef60c58e43759730615a392c31c80e23176",
                "reference": "54750ef60c58e43759730615a392c31c80e23176",
                "shasum": ""
            },
            "require": {
                "ext-dom": "*",
                "ext-libxml": "*",
                "ext-phar": "*",
                "ext-xmlwriter": "*",
                "phar-io/version": "^3.0.1",
                "php": "^7.2 || ^8.0"
            },
            "type": "library",
            "extra": {
                "branch-alias": {
                    "dev-master": "2.0.x-dev"
                }
            },
            "autoload": {
                "classmap": [
                    "src/"
                ]
            },
            "notification-url": "https://packagist.org/downloads/",
            "license": [
                "BSD-3-Clause"
            ],
            "authors": [
                {
                    "name": "Arne Blankerts",
                    "email": "arne@blankerts.de",
                    "role": "Developer"
                },
                {
                    "name": "Sebastian Heuer",
                    "email": "sebastian@phpeople.de",
                    "role": "Developer"
                },
                {
                    "name": "Sebastian Bergmann",
                    "email": "sebastian@phpunit.de",
                    "role": "Developer"
                }
            ],
            "description": "Component for reading phar.io manifest information from a PHP Archive (PHAR)",
            "support": {
                "issues": "https://github.com/phar-io/manifest/issues",
                "source": "https://github.com/phar-io/manifest/tree/2.0.4"
            },
            "funding": [
                {
                    "url": "https://github.com/theseer",
                    "type": "github"
                }
            ],
            "time": "2024-03-03T12:33:53+00:00"
        },
        {
            "name": "phar-io/version",
            "version": "3.2.1",
            "source": {
                "type": "git",
                "url": "https://github.com/phar-io/version.git",
                "reference": "4f7fd7836c6f332bb2933569e566a0d6c4cbed74"
            },
            "dist": {
                "type": "zip",
                "url": "https://api.github.com/repos/phar-io/version/zipball/4f7fd7836c6f332bb2933569e566a0d6c4cbed74",
                "reference": "4f7fd7836c6f332bb2933569e566a0d6c4cbed74",
                "shasum": ""
            },
            "require": {
                "php": "^7.2 || ^8.0"
            },
            "type": "library",
            "autoload": {
                "classmap": [
                    "src/"
                ]
            },
            "notification-url": "https://packagist.org/downloads/",
            "license": [
                "BSD-3-Clause"
            ],
            "authors": [
                {
                    "name": "Arne Blankerts",
                    "email": "arne@blankerts.de",
                    "role": "Developer"
                },
                {
                    "name": "Sebastian Heuer",
                    "email": "sebastian@phpeople.de",
                    "role": "Developer"
                },
                {
                    "name": "Sebastian Bergmann",
                    "email": "sebastian@phpunit.de",
                    "role": "Developer"
                }
            ],
            "description": "Library for handling version information and constraints",
            "support": {
                "issues": "https://github.com/phar-io/version/issues",
                "source": "https://github.com/phar-io/version/tree/3.2.1"
            },
            "time": "2022-02-21T01:04:05+00:00"
        },
        {
            "name": "phpstan/phpstan",
            "version": "1.8.11",
            "source": {
                "type": "git",
                "url": "https://github.com/phpstan/phpstan.git",
                "reference": "46e223dd68a620da18855c23046ddb00940b4014"
            },
            "dist": {
                "type": "zip",
                "url": "https://api.github.com/repos/phpstan/phpstan/zipball/46e223dd68a620da18855c23046ddb00940b4014",
                "reference": "46e223dd68a620da18855c23046ddb00940b4014",
                "shasum": ""
            },
            "require": {
                "php": "^7.2|^8.0"
            },
            "conflict": {
                "phpstan/phpstan-shim": "*"
            },
            "bin": [
                "phpstan",
                "phpstan.phar"
            ],
            "type": "library",
            "autoload": {
                "files": [
                    "bootstrap.php"
                ]
            },
            "notification-url": "https://packagist.org/downloads/",
            "license": [
                "MIT"
            ],
            "description": "PHPStan - PHP Static Analysis Tool",
            "keywords": [
                "dev",
                "static analysis"
            ],
            "support": {
                "issues": "https://github.com/phpstan/phpstan/issues",
                "source": "https://github.com/phpstan/phpstan/tree/1.8.11"
            },
            "funding": [
                {
                    "url": "https://github.com/ondrejmirtes",
                    "type": "github"
                },
                {
                    "url": "https://github.com/phpstan",
                    "type": "github"
                },
                {
                    "url": "https://tidelift.com/funding/github/packagist/phpstan/phpstan",
                    "type": "tidelift"
                }
            ],
            "time": "2022-10-24T15:45:13+00:00"
        },
        {
